// !$*UTF8*$!
{
	archiveVersion = 1;
	classes = {
	};
	objectVersion = 46;
	objects = {

/* Begin PBXBuildFile section */
		8845B7611DEBCFF400F55FA5 /* CreateEventViewController.swift in Sources */ = {isa = PBXBuildFile; fileRef = 8845B7601DEBCFF400F55FA5 /* CreateEventViewController.swift */; };
		8845B7691DECB4CA00F55FA5 /* CurrencyFormatter.swift in Sources */ = {isa = PBXBuildFile; fileRef = 8845B7681DECB4CA00F55FA5 /* CurrencyFormatter.swift */; };
		8845B76B1DECBA3000F55FA5 /* LocationRow.swift in Sources */ = {isa = PBXBuildFile; fileRef = 8845B76A1DECBA3000F55FA5 /* LocationRow.swift */; };
		8845B7711DECC55300F55FA5 /* ImagePickerController.swift in Sources */ = {isa = PBXBuildFile; fileRef = 8845B7701DECC55300F55FA5 /* ImagePickerController.swift */; };
		8845B7731DECC55A00F55FA5 /* ImageRow.swift in Sources */ = {isa = PBXBuildFile; fileRef = 8845B7721DECC55A00F55FA5 /* ImageRow.swift */; };
		8845B7761DECE92000F55FA5 /* User.swift in Sources */ = {isa = PBXBuildFile; fileRef = 8845B7751DECE92000F55FA5 /* User.swift */; };
		8845B7781DED054100F55FA5 /* SweetAlert.swift in Sources */ = {isa = PBXBuildFile; fileRef = 8845B7771DED054100F55FA5 /* SweetAlert.swift */; };
		8849CBB41DC1BDA000C70B75 /* AppDelegate.swift in Sources */ = {isa = PBXBuildFile; fileRef = 8849CBB31DC1BDA000C70B75 /* AppDelegate.swift */; };
		8849CBB61DC1BDA000C70B75 /* LoginViewController.swift in Sources */ = {isa = PBXBuildFile; fileRef = 8849CBB51DC1BDA000C70B75 /* LoginViewController.swift */; };
		8849CBB91DC1BDA000C70B75 /* Main.storyboard in Resources */ = {isa = PBXBuildFile; fileRef = 8849CBB71DC1BDA000C70B75 /* Main.storyboard */; };
		8849CBBB1DC1BDA000C70B75 /* Assets.xcassets in Resources */ = {isa = PBXBuildFile; fileRef = 8849CBBA1DC1BDA000C70B75 /* Assets.xcassets */; };
		8849CBBE1DC1BDA000C70B75 /* LaunchScreen.storyboard in Resources */ = {isa = PBXBuildFile; fileRef = 8849CBBC1DC1BDA000C70B75 /* LaunchScreen.storyboard */; };
		884C3CED1DDE8ED3001C417A /* HomeViewController.swift in Sources */ = {isa = PBXBuildFile; fileRef = 884C3CEC1DDE8ED3001C417A /* HomeViewController.swift */; };
		88687D591DE82658002CA11A /* Extension.swift in Sources */ = {isa = PBXBuildFile; fileRef = 88687D581DE82658002CA11A /* Extension.swift */; };
		88687D5E1DE82A72002CA11A /* EventCell.swift in Sources */ = {isa = PBXBuildFile; fileRef = 88687D5D1DE82A72002CA11A /* EventCell.swift */; };
		88687D601DE907B2002CA11A /* MenuBar.swift in Sources */ = {isa = PBXBuildFile; fileRef = 88687D5F1DE907B2002CA11A /* MenuBar.swift */; };
		88687D621DE92504002CA11A /* CollectionViewBaseCell.swift in Sources */ = {isa = PBXBuildFile; fileRef = 88687D611DE92504002CA11A /* CollectionViewBaseCell.swift */; };
		88687D651DE952E4002CA11A /* Event.swift in Sources */ = {isa = PBXBuildFile; fileRef = 88687D641DE952E4002CA11A /* Event.swift */; };
		88D7F9AD1DD2CA3B0070C37E /* GoogleService-Info.plist in Resources */ = {isa = PBXBuildFile; fileRef = 88D7F9AC1DD2CA3B0070C37E /* GoogleService-Info.plist */; };
		D54D042A300092D3194500B3 /* Pods_Wave.framework in Frameworks */ = {isa = PBXBuildFile; fileRef = 08B7341A7D42F446BBC0AC21 /* Pods_Wave.framework */; };
/* End PBXBuildFile section */

/* Begin PBXFileReference section */
		08B7341A7D42F446BBC0AC21 /* Pods_Wave.framework */ = {isa = PBXFileReference; explicitFileType = wrapper.framework; includeInIndex = 0; path = Pods_Wave.framework; sourceTree = BUILT_PRODUCTS_DIR; };
		8845B7601DEBCFF400F55FA5 /* CreateEventViewController.swift */ = {isa = PBXFileReference; fileEncoding = 4; lastKnownFileType = sourcecode.swift; path = CreateEventViewController.swift; sourceTree = "<group>"; };
		8845B7681DECB4CA00F55FA5 /* CurrencyFormatter.swift */ = {isa = PBXFileReference; fileEncoding = 4; lastKnownFileType = sourcecode.swift; path = CurrencyFormatter.swift; sourceTree = "<group>"; };
		8845B76A1DECBA3000F55FA5 /* LocationRow.swift */ = {isa = PBXFileReference; fileEncoding = 4; lastKnownFileType = sourcecode.swift; path = LocationRow.swift; sourceTree = "<group>"; };
		8845B7701DECC55300F55FA5 /* ImagePickerController.swift */ = {isa = PBXFileReference; fileEncoding = 4; lastKnownFileType = sourcecode.swift; path = ImagePickerController.swift; sourceTree = "<group>"; };
		8845B7721DECC55A00F55FA5 /* ImageRow.swift */ = {isa = PBXFileReference; fileEncoding = 4; lastKnownFileType = sourcecode.swift; path = ImageRow.swift; sourceTree = "<group>"; };
		8845B7751DECE92000F55FA5 /* User.swift */ = {isa = PBXFileReference; fileEncoding = 4; lastKnownFileType = sourcecode.swift; path = User.swift; sourceTree = "<group>"; };
		8845B7771DED054100F55FA5 /* SweetAlert.swift */ = {isa = PBXFileReference; fileEncoding = 4; lastKnownFileType = sourcecode.swift; path = SweetAlert.swift; sourceTree = "<group>"; };
		8849CBB01DC1BDA000C70B75 /* Wave.app */ = {isa = PBXFileReference; explicitFileType = wrapper.application; includeInIndex = 0; path = Wave.app; sourceTree = BUILT_PRODUCTS_DIR; };
		8849CBB31DC1BDA000C70B75 /* AppDelegate.swift */ = {isa = PBXFileReference; lastKnownFileType = sourcecode.swift; path = AppDelegate.swift; sourceTree = "<group>"; };
		8849CBB51DC1BDA000C70B75 /* LoginViewController.swift */ = {isa = PBXFileReference; lastKnownFileType = sourcecode.swift; path = LoginViewController.swift; sourceTree = "<group>"; };
		8849CBB81DC1BDA000C70B75 /* Base */ = {isa = PBXFileReference; lastKnownFileType = file.storyboard; name = Base; path = Base.lproj/Main.storyboard; sourceTree = "<group>"; };
		8849CBBA1DC1BDA000C70B75 /* Assets.xcassets */ = {isa = PBXFileReference; lastKnownFileType = folder.assetcatalog; path = Assets.xcassets; sourceTree = "<group>"; };
		8849CBBD1DC1BDA000C70B75 /* Base */ = {isa = PBXFileReference; lastKnownFileType = file.storyboard; name = Base; path = Base.lproj/LaunchScreen.storyboard; sourceTree = "<group>"; };
		8849CBBF1DC1BDA100C70B75 /* Info.plist */ = {isa = PBXFileReference; lastKnownFileType = text.plist.xml; path = Info.plist; sourceTree = "<group>"; };
		884C3CEC1DDE8ED3001C417A /* HomeViewController.swift */ = {isa = PBXFileReference; fileEncoding = 4; lastKnownFileType = sourcecode.swift; path = HomeViewController.swift; sourceTree = "<group>"; };
		88687D581DE82658002CA11A /* Extension.swift */ = {isa = PBXFileReference; fileEncoding = 4; lastKnownFileType = sourcecode.swift; path = Extension.swift; sourceTree = "<group>"; };
		88687D5D1DE82A72002CA11A /* EventCell.swift */ = {isa = PBXFileReference; fileEncoding = 4; lastKnownFileType = sourcecode.swift; path = EventCell.swift; sourceTree = "<group>"; };
		88687D5F1DE907B2002CA11A /* MenuBar.swift */ = {isa = PBXFileReference; fileEncoding = 4; lastKnownFileType = sourcecode.swift; path = MenuBar.swift; sourceTree = "<group>"; };
		88687D611DE92504002CA11A /* CollectionViewBaseCell.swift */ = {isa = PBXFileReference; fileEncoding = 4; lastKnownFileType = sourcecode.swift; path = CollectionViewBaseCell.swift; sourceTree = "<group>"; };
		88687D641DE952E4002CA11A /* Event.swift */ = {isa = PBXFileReference; fileEncoding = 4; lastKnownFileType = sourcecode.swift; path = Event.swift; sourceTree = "<group>"; };
		88D7F9AC1DD2CA3B0070C37E /* GoogleService-Info.plist */ = {isa = PBXFileReference; fileEncoding = 4; lastKnownFileType = text.plist.xml; path = "GoogleService-Info.plist"; sourceTree = "<group>"; };
		88D7F9AE1DD2D2800070C37E /* Wave.entitlements */ = {isa = PBXFileReference; lastKnownFileType = text.plist.entitlements; path = Wave.entitlements; sourceTree = "<group>"; };
		F371C8CCD72AA5460F618BFD /* Pods-Wave.release.xcconfig */ = {isa = PBXFileReference; includeInIndex = 1; lastKnownFileType = text.xcconfig; name = "Pods-Wave.release.xcconfig"; path = "Pods/Target Support Files/Pods-Wave/Pods-Wave.release.xcconfig"; sourceTree = "<group>"; };
		FBA0FF0C63823B7112B1F3B0 /* Pods-Wave.debug.xcconfig */ = {isa = PBXFileReference; includeInIndex = 1; lastKnownFileType = text.xcconfig; name = "Pods-Wave.debug.xcconfig"; path = "Pods/Target Support Files/Pods-Wave/Pods-Wave.debug.xcconfig"; sourceTree = "<group>"; };
/* End PBXFileReference section */

/* Begin PBXFrameworksBuildPhase section */
		8849CBAD1DC1BDA000C70B75 /* Frameworks */ = {
			isa = PBXFrameworksBuildPhase;
			buildActionMask = 2147483647;
			files = (
				D54D042A300092D3194500B3 /* Pods_Wave.framework in Frameworks */,
			);
			runOnlyForDeploymentPostprocessing = 0;
		};
/* End PBXFrameworksBuildPhase section */

/* Begin PBXGroup section */
		05B4A42E1D4D50094E8C0043 /* Frameworks */ = {
			isa = PBXGroup;
			children = (
				08B7341A7D42F446BBC0AC21 /* Pods_Wave.framework */,
			);
			name = Frameworks;
			sourceTree = "<group>";
		};
		8845B7741DECD63500F55FA5 /* ImageRow */ = {
			isa = PBXGroup;
			children = (
				8845B7721DECC55A00F55FA5 /* ImageRow.swift */,
				8845B7701DECC55300F55FA5 /* ImagePickerController.swift */,
			);
			name = ImageRow;
			sourceTree = "<group>";
		};
		8849CBA71DC1BDA000C70B75 = {
			isa = PBXGroup;
			children = (
				8849CBB21DC1BDA000C70B75 /* Wave */,
				8849CBB11DC1BDA000C70B75 /* Products */,
				9E0472D5F5463696AA619E42 /* Pods */,
				05B4A42E1D4D50094E8C0043 /* Frameworks */,
			);
			sourceTree = "<group>";
		};
		8849CBB11DC1BDA000C70B75 /* Products */ = {
			isa = PBXGroup;
			children = (
				8849CBB01DC1BDA000C70B75 /* Wave.app */,
			);
			name = Products;
			sourceTree = "<group>";
		};
		8849CBB21DC1BDA000C70B75 /* Wave */ = {
			isa = PBXGroup;
			children = (
				88687D631DE952D3002CA11A /* Model */,
				88687D5C1DE82A5A002CA11A /* Views */,
				88D7F9AE1DD2D2800070C37E /* Wave.entitlements */,
				8849CBB31DC1BDA000C70B75 /* AppDelegate.swift */,
				88687D5B1DE82A3B002CA11A /* Controllers */,
				8849CBB71DC1BDA000C70B75 /* Main.storyboard */,
				8849CBBA1DC1BDA000C70B75 /* Assets.xcassets */,
				8849CBBC1DC1BDA000C70B75 /* LaunchScreen.storyboard */,
				8849CBBF1DC1BDA100C70B75 /* Info.plist */,
				88D7F9AC1DD2CA3B0070C37E /* GoogleService-Info.plist */,
				88687D5A1DE82A21002CA11A /* Helpers */,
			);
			path = Wave;
			sourceTree = "<group>";
		};
		88687D5A1DE82A21002CA11A /* Helpers */ = {
			isa = PBXGroup;
			children = (
				8845B7771DED054100F55FA5 /* SweetAlert.swift */,
				8845B7741DECD63500F55FA5 /* ImageRow */,
				88687D581DE82658002CA11A /* Extension.swift */,
				8845B7681DECB4CA00F55FA5 /* CurrencyFormatter.swift */,
				8845B76A1DECBA3000F55FA5 /* LocationRow.swift */,
			);
			name = Helpers;
			sourceTree = "<group>";
		};
		88687D5B1DE82A3B002CA11A /* Controllers */ = {
			isa = PBXGroup;
			children = (
				8849CBB51DC1BDA000C70B75 /* LoginViewController.swift */,
				884C3CEC1DDE8ED3001C417A /* HomeViewController.swift */,
				8845B7601DEBCFF400F55FA5 /* CreateEventViewController.swift */,
			);
			name = Controllers;
			sourceTree = "<group>";
		};
		88687D5C1DE82A5A002CA11A /* Views */ = {
			isa = PBXGroup;
			children = (
				88687D5D1DE82A72002CA11A /* EventCell.swift */,
				88687D5F1DE907B2002CA11A /* MenuBar.swift */,
				88687D611DE92504002CA11A /* CollectionViewBaseCell.swift */,
			);
			name = Views;
			sourceTree = "<group>";
		};
		88687D631DE952D3002CA11A /* Model */ = {
			isa = PBXGroup;
			children = (
				88687D641DE952E4002CA11A /* Event.swift */,
				8845B7751DECE92000F55FA5 /* User.swift */,
			);
			name = Model;
			sourceTree = "<group>";
		};
		9E0472D5F5463696AA619E42 /* Pods */ = {
			isa = PBXGroup;
			children = (
				FBA0FF0C63823B7112B1F3B0 /* Pods-Wave.debug.xcconfig */,
				F371C8CCD72AA5460F618BFD /* Pods-Wave.release.xcconfig */,
			);
			name = Pods;
			sourceTree = "<group>";
		};
/* End PBXGroup section */

/* Begin PBXNativeTarget section */
		8849CBAF1DC1BDA000C70B75 /* Wave */ = {
			isa = PBXNativeTarget;
			buildConfigurationList = 8849CBC21DC1BDA100C70B75 /* Build configuration list for PBXNativeTarget "Wave" */;
			buildPhases = (
				D630B51DCB1C47CA947E47C7 /* [CP] Check Pods Manifest.lock */,
				8849CBAC1DC1BDA000C70B75 /* Sources */,
				8849CBAD1DC1BDA000C70B75 /* Frameworks */,
				8849CBAE1DC1BDA000C70B75 /* Resources */,
				5FEE43AE9A7AB4335BA211B7 /* [CP] Embed Pods Frameworks */,
				F8FE8DDEB6333C5FD31E072F /* [CP] Copy Pods Resources */,
			);
			buildRules = (
			);
			dependencies = (
			);
			name = Wave;
			productName = Wave;
			productReference = 8849CBB01DC1BDA000C70B75 /* Wave.app */;
			productType = "com.apple.product-type.application";
		};
/* End PBXNativeTarget section */

/* Begin PBXProject section */
		8849CBA81DC1BDA000C70B75 /* Project object */ = {
			isa = PBXProject;
			attributes = {
				LastSwiftUpdateCheck = 0800;
				LastUpgradeCheck = 0810;
				ORGANIZATIONNAME = "Eude Lesperance";
				TargetAttributes = {
					8849CBAF1DC1BDA000C70B75 = {
						CreatedOnToolsVersion = 8.0;
						DevelopmentTeam = 98ELRV8VW9;
						ProvisioningStyle = Automatic;
						SystemCapabilities = {
							com.apple.Keychain = {
								enabled = 1;
							};
						};
					};
				};
			};
			buildConfigurationList = 8849CBAB1DC1BDA000C70B75 /* Build configuration list for PBXProject "Wave" */;
			compatibilityVersion = "Xcode 3.2";
			developmentRegion = English;
			hasScannedForEncodings = 0;
			knownRegions = (
				en,
				Base,
			);
			mainGroup = 8849CBA71DC1BDA000C70B75;
			productRefGroup = 8849CBB11DC1BDA000C70B75 /* Products */;
			projectDirPath = "";
			projectRoot = "";
			targets = (
				8849CBAF1DC1BDA000C70B75 /* Wave */,
			);
		};
/* End PBXProject section */

/* Begin PBXResourcesBuildPhase section */
		8849CBAE1DC1BDA000C70B75 /* Resources */ = {
			isa = PBXResourcesBuildPhase;
			buildActionMask = 2147483647;
			files = (
				8849CBBE1DC1BDA000C70B75 /* LaunchScreen.storyboard in Resources */,
				88D7F9AD1DD2CA3B0070C37E /* GoogleService-Info.plist in Resources */,
				8849CBBB1DC1BDA000C70B75 /* Assets.xcassets in Resources */,
				8849CBB91DC1BDA000C70B75 /* Main.storyboard in Resources */,
			);
			runOnlyForDeploymentPostprocessing = 0;
		};
/* End PBXResourcesBuildPhase section */

/* Begin PBXShellScriptBuildPhase section */
		5FEE43AE9A7AB4335BA211B7 /* [CP] Embed Pods Frameworks */ = {
			isa = PBXShellScriptBuildPhase;
			buildActionMask = 2147483647;
			files = (
			);
			inputPaths = (
			);
			name = "[CP] Embed Pods Frameworks";
			outputPaths = (
			);
			runOnlyForDeploymentPostprocessing = 0;
			shellPath = /bin/sh;
			shellScript = "\"${SRCROOT}/Pods/Target Support Files/Pods-Wave/Pods-Wave-frameworks.sh\"\n";
			showEnvVarsInLog = 0;
		};
		D630B51DCB1C47CA947E47C7 /* [CP] Check Pods Manifest.lock */ = {
			isa = PBXShellScriptBuildPhase;
			buildActionMask = 2147483647;
			files = (
			);
			inputPaths = (
			);
			name = "[CP] Check Pods Manifest.lock";
			outputPaths = (
			);
			runOnlyForDeploymentPostprocessing = 0;
			shellPath = /bin/sh;
			shellScript = "diff \"${PODS_ROOT}/../Podfile.lock\" \"${PODS_ROOT}/Manifest.lock\" > /dev/null\nif [ $? != 0 ] ; then\n    # print error to STDERR\n    echo \"error: The sandbox is not in sync with the Podfile.lock. Run 'pod install' or update your CocoaPods installation.\" >&2\n    exit 1\nfi\n";
			showEnvVarsInLog = 0;
		};
		F8FE8DDEB6333C5FD31E072F /* [CP] Copy Pods Resources */ = {
			isa = PBXShellScriptBuildPhase;
			buildActionMask = 2147483647;
			files = (
			);
			inputPaths = (
			);
			name = "[CP] Copy Pods Resources";
			outputPaths = (
			);
			runOnlyForDeploymentPostprocessing = 0;
			shellPath = /bin/sh;
			shellScript = "\"${SRCROOT}/Pods/Target Support Files/Pods-Wave/Pods-Wave-resources.sh\"\n";
			showEnvVarsInLog = 0;
		};
/* End PBXShellScriptBuildPhase section */

/* Begin PBXSourcesBuildPhase section */
		8849CBAC1DC1BDA000C70B75 /* Sources */ = {
			isa = PBXSourcesBuildPhase;
			buildActionMask = 2147483647;
			files = (
				88687D651DE952E4002CA11A /* Event.swift in Sources */,
				8845B7691DECB4CA00F55FA5 /* CurrencyFormatter.swift in Sources */,
				8849CBB61DC1BDA000C70B75 /* LoginViewController.swift in Sources */,
				8849CBB41DC1BDA000C70B75 /* AppDelegate.swift in Sources */,
				88687D601DE907B2002CA11A /* MenuBar.swift in Sources */,
				8845B76B1DECBA3000F55FA5 /* LocationRow.swift in Sources */,
				8845B7761DECE92000F55FA5 /* User.swift in Sources */,
				88687D5E1DE82A72002CA11A /* EventCell.swift in Sources */,
				8845B7711DECC55300F55FA5 /* ImagePickerController.swift in Sources */,
				8845B7731DECC55A00F55FA5 /* ImageRow.swift in Sources */,
				88687D621DE92504002CA11A /* CollectionViewBaseCell.swift in Sources */,
				8845B7781DED054100F55FA5 /* SweetAlert.swift in Sources */,
				8845B7611DEBCFF400F55FA5 /* CreateEventViewController.swift in Sources */,
				884C3CED1DDE8ED3001C417A /* HomeViewController.swift in Sources */,
				88687D591DE82658002CA11A /* Extension.swift in Sources */,
			);
			runOnlyForDeploymentPostprocessing = 0;
		};
/* End PBXSourcesBuildPhase section */

/* Begin PBXVariantGroup section */
		8849CBB71DC1BDA000C70B75 /* Main.storyboard */ = {
			isa = PBXVariantGroup;
			children = (
				8849CBB81DC1BDA000C70B75 /* Base */,
			);
			name = Main.storyboard;
			sourceTree = "<group>";
		};
		8849CBBC1DC1BDA000C70B75 /* LaunchScreen.storyboard */ = {
			isa = PBXVariantGroup;
			children = (
				8849CBBD1DC1BDA000C70B75 /* Base */,
			);
			name = LaunchScreen.storyboard;
			sourceTree = "<group>";
		};
/* End PBXVariantGroup section */

/* Begin XCBuildConfiguration section */
		8849CBC01DC1BDA100C70B75 /* Debug */ = {
			isa = XCBuildConfiguration;
			buildSettings = {
				ALWAYS_SEARCH_USER_PATHS = NO;
				CLANG_ANALYZER_NONNULL = YES;
				CLANG_CXX_LANGUAGE_STANDARD = "gnu++0x";
				CLANG_CXX_LIBRARY = "libc++";
				CLANG_ENABLE_MODULES = YES;
				CLANG_ENABLE_OBJC_ARC = YES;
				CLANG_WARN_BOOL_CONVERSION = YES;
				CLANG_WARN_CONSTANT_CONVERSION = YES;
				CLANG_WARN_DIRECT_OBJC_ISA_USAGE = YES_ERROR;
				CLANG_WARN_DOCUMENTATION_COMMENTS = YES;
				CLANG_WARN_EMPTY_BODY = YES;
				CLANG_WARN_ENUM_CONVERSION = YES;
				CLANG_WARN_INFINITE_RECURSION = YES;
				CLANG_WARN_INT_CONVERSION = YES;
				CLANG_WARN_OBJC_ROOT_CLASS = YES_ERROR;
				CLANG_WARN_SUSPICIOUS_MOVE = YES;
				CLANG_WARN_SUSPICIOUS_MOVES = YES;
				CLANG_WARN_UNREACHABLE_CODE = YES;
				CLANG_WARN__DUPLICATE_METHOD_MATCH = YES;
				"CODE_SIGN_IDENTITY[sdk=iphoneos*]" = "iPhone Developer";
				COPY_PHASE_STRIP = NO;
				DEBUG_INFORMATION_FORMAT = dwarf;
				ENABLE_STRICT_OBJC_MSGSEND = YES;
				ENABLE_TESTABILITY = YES;
				GCC_C_LANGUAGE_STANDARD = gnu99;
				GCC_DYNAMIC_NO_PIC = NO;
				GCC_NO_COMMON_BLOCKS = YES;
				GCC_OPTIMIZATION_LEVEL = 0;
				GCC_PREPROCESSOR_DEFINITIONS = (
					"DEBUG=1",
					"$(inherited)",
				);
				GCC_WARN_64_TO_32_BIT_CONVERSION = YES;
				GCC_WARN_ABOUT_RETURN_TYPE = YES_ERROR;
				GCC_WARN_UNDECLARED_SELECTOR = YES;
				GCC_WARN_UNINITIALIZED_AUTOS = YES_AGGRESSIVE;
				GCC_WARN_UNUSED_FUNCTION = YES;
				GCC_WARN_UNUSED_VARIABLE = YES;
				IPHONEOS_DEPLOYMENT_TARGET = 10.0;
				MTL_ENABLE_DEBUG_INFO = YES;
				ONLY_ACTIVE_ARCH = YES;
				SDKROOT = iphoneos;
				SWIFT_ACTIVE_COMPILATION_CONDITIONS = DEBUG;
				SWIFT_OPTIMIZATION_LEVEL = "-Onone";
			};
			name = Debug;
		};
		8849CBC11DC1BDA100C70B75 /* Release */ = {
			isa = XCBuildConfiguration;
			buildSettings = {
				ALWAYS_SEARCH_USER_PATHS = NO;
				CLANG_ANALYZER_NONNULL = YES;
				CLANG_CXX_LANGUAGE_STANDARD = "gnu++0x";
				CLANG_CXX_LIBRARY = "libc++";
				CLANG_ENABLE_MODULES = YES;
				CLANG_ENABLE_OBJC_ARC = YES;
				CLANG_WARN_BOOL_CONVERSION = YES;
				CLANG_WARN_CONSTANT_CONVERSION = YES;
				CLANG_WARN_DIRECT_OBJC_ISA_USAGE = YES_ERROR;
				CLANG_WARN_DOCUMENTATION_COMMENTS = YES;
				CLANG_WARN_EMPTY_BODY = YES;
				CLANG_WARN_ENUM_CONVERSION = YES;
				CLANG_WARN_INFINITE_RECURSION = YES;
				CLANG_WARN_INT_CONVERSION = YES;
				CLANG_WARN_OBJC_ROOT_CLASS = YES_ERROR;
				CLANG_WARN_SUSPICIOUS_MOVE = YES;
				CLANG_WARN_SUSPICIOUS_MOVES = YES;
				CLANG_WARN_UNREACHABLE_CODE = YES;
				CLANG_WARN__DUPLICATE_METHOD_MATCH = YES;
				"CODE_SIGN_IDENTITY[sdk=iphoneos*]" = "iPhone Developer";
				COPY_PHASE_STRIP = NO;
				DEBUG_INFORMATION_FORMAT = "dwarf-with-dsym";
				ENABLE_NS_ASSERTIONS = NO;
				ENABLE_STRICT_OBJC_MSGSEND = YES;
				GCC_C_LANGUAGE_STANDARD = gnu99;
				GCC_NO_COMMON_BLOCKS = YES;
				GCC_WARN_64_TO_32_BIT_CONVERSION = YES;
				GCC_WARN_ABOUT_RETURN_TYPE = YES_ERROR;
				GCC_WARN_UNDECLARED_SELECTOR = YES;
				GCC_WARN_UNINITIALIZED_AUTOS = YES_AGGRESSIVE;
				GCC_WARN_UNUSED_FUNCTION = YES;
				GCC_WARN_UNUSED_VARIABLE = YES;
				IPHONEOS_DEPLOYMENT_TARGET = 10.0;
				MTL_ENABLE_DEBUG_INFO = NO;
				SDKROOT = iphoneos;
				SWIFT_OPTIMIZATION_LEVEL = "-Owholemodule";
				VALIDATE_PRODUCT = YES;
			};
			name = Release;
		};
		8849CBC31DC1BDA100C70B75 /* Debug */ = {
			isa = XCBuildConfiguration;
			baseConfigurationReference = FBA0FF0C63823B7112B1F3B0 /* Pods-Wave.debug.xcconfig */;
			buildSettings = {
				ALWAYS_EMBED_SWIFT_STANDARD_LIBRARIES = YES;
				ASSETCATALOG_COMPILER_APPICON_NAME = AppIcon;
				CODE_SIGN_ENTITLEMENTS = Wave/Wave.entitlements;
				DEVELOPMENT_TEAM = 98ELRV8VW9;
				INFOPLIST_FILE = Wave/Info.plist;
				LD_RUNPATH_SEARCH_PATHS = "$(inherited) @executable_path/Frameworks";
				PRODUCT_BUNDLE_IDENTIFIER = com.eudelesperance.Wave;
				PRODUCT_NAME = "$(TARGET_NAME)";
				SWIFT_VERSION = 3.0;
			};
			name = Debug;
		};
		8849CBC41DC1BDA100C70B75 /* Release */ = {
			isa = XCBuildConfiguration;
			baseConfigurationReference = F371C8CCD72AA5460F618BFD /* Pods-Wave.release.xcconfig */;
			buildSettings = {
				ALWAYS_EMBED_SWIFT_STANDARD_LIBRARIES = YES;
				ASSETCATALOG_COMPILER_APPICON_NAME = AppIcon;
				CODE_SIGN_ENTITLEMENTS = Wave/Wave.entitlements;
				DEVELOPMENT_TEAM = 98ELRV8VW9;
				INFOPLIST_FILE = Wave/Info.plist;
				LD_RUNPATH_SEARCH_PATHS = "$(inherited) @executable_path/Frameworks";
				PRODUCT_BUNDLE_IDENTIFIER = com.eudelesperance.Wave;
				PRODUCT_NAME = "$(TARGET_NAME)";
				SWIFT_VERSION = 3.0;
			};
			name = Release;
		};
/* End XCBuildConfiguration section */

/* Begin XCConfigurationList section */
		8849CBAB1DC1BDA000C70B75 /* Build configuration list for PBXProject "Wave" */ = {
			isa = XCConfigurationList;
			buildConfigurations = (
				8849CBC01DC1BDA100C70B75 /* Debug */,
				8849CBC11DC1BDA100C70B75 /* Release */,
			);
			defaultConfigurationIsVisible = 0;
			defaultConfigurationName = Release;
		};
		8849CBC21DC1BDA100C70B75 /* Build configuration list for PBXNativeTarget "Wave" */ = {
			isa = XCConfigurationList;
			buildConfigurations = (
				8849CBC31DC1BDA100C70B75 /* Debug */,
				8849CBC41DC1BDA100C70B75 /* Release */,
			);
			defaultConfigurationIsVisible = 0;
			defaultConfigurationName = Release;
		};
/* End XCConfigurationList section */
	};
	rootObject = 8849CBA81DC1BDA000C70B75 /* Project object */;
}
